
Microsoft Visual Studio Solution File, Format Version 12.00
# Visual Studio Version 17
VisualStudioVersion = 17.5.33516.290
MinimumVisualStudioVersion = 10.0.40219.1
Project("{FAE04EC0-301F-11D3-BF4B-00C04F79EFBC}") = "OrderProgram", "OrderProgram.csproj", "{984996AC-8517-452A-85E6-AAB86C22EBD7}"
EndProject
Global
	GlobalSection(SolutionConfigurationPlatforms) = preSolution
		Debug|Any CPU = Debug|Any CPU
		Release|Any CPU = Release|Any CPU
	EndGlobalSection
	GlobalSection(ProjectConfigurationPlatforms) = postSolution
		{984996AC-8517-452A-85E6-AAB86C22EBD7}.Debug|Any CPU.ActiveCfg = Debug|Any CPU
		{984996AC-8517-452A-85E6-AAB86C22EBD7}.Debug|Any CPU.Build.0 = Debug|Any CPU
		{984996AC-8517-452A-85E6-AAB86C22EBD7}.Release|Any CPU.ActiveCfg = Release|Any CPU
		{984996AC-8517-452A-85E6-AAB86C22EBD7}.Release|Any CPU.Build.0 = Release|Any CPU
	EndGlobalSection
	GlobalSection(SolutionProperties) = preSolution
		HideSolutionNode = FALSE
	EndGlobalSection
	GlobalSection(ExtensibilityGlobals) = postSolution
		SolutionGuid = {74924D66-DE76-4A19-8717-C39AA03971C4}
	EndGlobalSection
EndGlobal
