
Microsoft Visual Studio Solution File, Format Version 12.00
# Visual Studio Version 17
VisualStudioVersion = 17.5.33424.131
MinimumVisualStudioVersion = 10.0.40219.1
Project("{FAE04EC0-301F-11D3-BF4B-00C04F79EFBC}") = "project1", "project1\project1.csproj", "{47ECE041-8EBA-4952-9B80-205804831FD0}"
EndProject
Project("{FAE04EC0-301F-11D3-BF4B-00C04F79EFBC}") = "project2", "project2\project2.csproj", "{EFA13B1D-78DB-42D1-9670-E61B23EDBBEE}"
EndProject
Project("{FAE04EC0-301F-11D3-BF4B-00C04F79EFBC}") = "project3", "project3\project3.csproj", "{DBE9BD37-4D62-40CA-B172-D7E61100A68E}"
EndProject
Project("{FAE04EC0-301F-11D3-BF4B-00C04F79EFBC}") = "project4", "project4\project4.csproj", "{C2672870-0EB8-48FA-90DF-E43A805041B1}"
EndProject
Global
	GlobalSection(SolutionConfigurationPlatforms) = preSolution
		Debug|Any CPU = Debug|Any CPU
		Release|Any CPU = Release|Any CPU
	EndGlobalSection
	GlobalSection(ProjectConfigurationPlatforms) = postSolution
		{47ECE041-8EBA-4952-9B80-205804831FD0}.Debug|Any CPU.ActiveCfg = Debug|Any CPU
		{47ECE041-8EBA-4952-9B80-205804831FD0}.Debug|Any CPU.Build.0 = Debug|Any CPU
		{47ECE041-8EBA-4952-9B80-205804831FD0}.Release|Any CPU.ActiveCfg = Release|Any CPU
		{47ECE041-8EBA-4952-9B80-205804831FD0}.Release|Any CPU.Build.0 = Release|Any CPU
		{EFA13B1D-78DB-42D1-9670-E61B23EDBBEE}.Debug|Any CPU.ActiveCfg = Debug|Any CPU
		{EFA13B1D-78DB-42D1-9670-E61B23EDBBEE}.Debug|Any CPU.Build.0 = Debug|Any CPU
		{EFA13B1D-78DB-42D1-9670-E61B23EDBBEE}.Release|Any CPU.ActiveCfg = Release|Any CPU
		{EFA13B1D-78DB-42D1-9670-E61B23EDBBEE}.Release|Any CPU.Build.0 = Release|Any CPU
		{DBE9BD37-4D62-40CA-B172-D7E61100A68E}.Debug|Any CPU.ActiveCfg = Debug|Any CPU
		{DBE9BD37-4D62-40CA-B172-D7E61100A68E}.Debug|Any CPU.Build.0 = Debug|Any CPU
		{DBE9BD37-4D62-40CA-B172-D7E61100A68E}.Release|Any CPU.ActiveCfg = Release|Any CPU
		{DBE9BD37-4D62-40CA-B172-D7E61100A68E}.Release|Any CPU.Build.0 = Release|Any CPU
		{C2672870-0EB8-48FA-90DF-E43A805041B1}.Debug|Any CPU.ActiveCfg = Debug|Any CPU
		{C2672870-0EB8-48FA-90DF-E43A805041B1}.Debug|Any CPU.Build.0 = Debug|Any CPU
		{C2672870-0EB8-48FA-90DF-E43A805041B1}.Release|Any CPU.ActiveCfg = Release|Any CPU
		{C2672870-0EB8-48FA-90DF-E43A805041B1}.Release|Any CPU.Build.0 = Release|Any CPU
	EndGlobalSection
	GlobalSection(SolutionProperties) = preSolution
		HideSolutionNode = FALSE
	EndGlobalSection
	GlobalSection(ExtensibilityGlobals) = postSolution
		SolutionGuid = {267D91A7-1BEF-4883-8D0C-F7AD94389732}
	EndGlobalSection
EndGlobal
